
Microsoft Visual Studio Solution File, Format Version 11.00
# Visual Studio 2010
# SharpDevelop 4.4
Project("{FAE04EC0-301F-11D3-BF4B-00C04F79EFBC}") = "Practica2", "Practica2.csproj", "{2B643EA9-9A1E-4AA3-8EBB-52FD8A986CDA}"
EndProject
Global
	GlobalSection(SolutionConfigurationPlatforms) = preSolution
		Debug|Any CPU = Debug|Any CPU
		Release|Any CPU = Release|Any CPU
	EndGlobalSection
	GlobalSection(ProjectConfigurationPlatforms) = postSolution
		{2B643EA9-9A1E-4AA3-8EBB-52FD8A986CDA}.Debug|Any CPU.Build.0 = Debug|Any CPU
		{2B643EA9-9A1E-4AA3-8EBB-52FD8A986CDA}.Debug|Any CPU.ActiveCfg = Debug|Any CPU
		{2B643EA9-9A1E-4AA3-8EBB-52FD8A986CDA}.Release|Any CPU.Build.0 = Release|Any CPU
		{2B643EA9-9A1E-4AA3-8EBB-52FD8A986CDA}.Release|Any CPU.ActiveCfg = Release|Any CPU
	EndGlobalSection
EndGlobal
